Microsoft Visual Studio Solution File, Format Version 12.00
# Visual Studio 15
VisualStudioVersion = 15.0.28307.705
MinimumVisualStudioVersion = 10.0.40219.1
Project("{65194f94-6b98-41de-80d6-286dd4e9a1f7}") = "ModeloEvaporador", "ModeloEvaporador.csproj", "{9274f770-af16-46d2-b911-d05d01d2b013}"
EndProject
Global
	GlobalSection(SolutionConfigurationPlatforms) = preSolution
		Debug|Any CPU = Debug|Any CPU
		Release|Any CPU = Release|Any CPU
	EndGlobalSection
	GlobalSection(ProjectConfigurationPlatforms) = postSolution
		{9274f770-af16-46d2-b911-d05d01d2b013}.Debug|Any CPU.ActiveCfg = Debug|Any CPU
		{9274f770-af16-46d2-b911-d05d01d2b013}.Debug|Any CPU.Build.0 = Debug|Any CPU
		{9274f770-af16-46d2-b911-d05d01d2b013}.Release|Any CPU.ActiveCfg = Release|Any CPU
		{9274f770-af16-46d2-b911-d05d01d2b013}.Release|Any CPU.Build.0 = Release|Any CPU
	EndGlobalSection
	GlobalSection(SolutionProperties) = preSolution
		HideSolutionNode = FALSE
	EndGlobalSection
	GlobalSection(ExtensibilityGlobals) = postSolution
		SolutionGuid = {c313d50f-1a51-4e1a-ac70-27a0f1ae52b9}
	EndGlobalSection
EndGlobal
